// !$*UTF8*$!
{
	archiveVersion = 1;
	classes = {
	};
	objectVersion = 46;
	objects = {

/* Begin PBXBuildFile section */
		2C1CA85D1957A93100E9417E /* TimelineTableViewController.m in Sources */ = {isa = PBXBuildFile; fileRef = 2C1CA85B1957A93100E9417E /* TimelineTableViewController.m */; };
		2C1CA85E1957A93100E9417E /* TimelineTableViewController.xib in Resources */ = {isa = PBXBuildFile; fileRef = 2C1CA85C1957A93100E9417E /* TimelineTableViewController.xib */; };
		2C1CA8671957F58C00E9417E /* ComposeTweetViewController.m in Sources */ = {isa = PBXBuildFile; fileRef = 2C1CA8651957F58C00E9417E /* ComposeTweetViewController.m */; };
		2C1CA8681957F58C00E9417E /* ComposeTweetViewController.xib in Resources */ = {isa = PBXBuildFile; fileRef = 2C1CA8661957F58C00E9417E /* ComposeTweetViewController.xib */; };
		2C1CA86C1957F5AD00E9417E /* TweetViewController.m in Sources */ = {isa = PBXBuildFile; fileRef = 2C1CA86A1957F5AD00E9417E /* TweetViewController.m */; };
		2C1CA86D1957F5AD00E9417E /* TweetViewController.xib in Resources */ = {isa = PBXBuildFile; fileRef = 2C1CA86B1957F5AD00E9417E /* TweetViewController.xib */; };
		2C1CA87019580BF900E9417E /* Utils.m in Sources */ = {isa = PBXBuildFile; fileRef = 2C1CA86F19580BF900E9417E /* Utils.m */; };
		2CC8FC2919520BFA00014013 /* Foundation.framework in Frameworks */ = {isa = PBXBuildFile; fileRef = 2CC8FC2819520BFA00014013 /* Foundation.framework */; };
		2CC8FC2B19520BFA00014013 /* CoreGraphics.framework in Frameworks */ = {isa = PBXBuildFile; fileRef = 2CC8FC2A19520BFA00014013 /* CoreGraphics.framework */; };
		2CC8FC2D19520BFA00014013 /* UIKit.framework in Frameworks */ = {isa = PBXBuildFile; fileRef = 2CC8FC2C19520BFA00014013 /* UIKit.framework */; };
		2CC8FC3319520BFA00014013 /* InfoPlist.strings in Resources */ = {isa = PBXBuildFile; fileRef = 2CC8FC3119520BFA00014013 /* InfoPlist.strings */; };
		2CC8FC3519520BFA00014013 /* main.m in Sources */ = {isa = PBXBuildFile; fileRef = 2CC8FC3419520BFA00014013 /* main.m */; };
		2CC8FC3919520BFA00014013 /* AppDelegate.m in Sources */ = {isa = PBXBuildFile; fileRef = 2CC8FC3819520BFA00014013 /* AppDelegate.m */; };
		2CC8FC3B19520BFA00014013 /* Images.xcassets in Resources */ = {isa = PBXBuildFile; fileRef = 2CC8FC3A19520BFA00014013 /* Images.xcassets */; };
		2CC8FC4219520BFA00014013 /* XCTest.framework in Frameworks */ = {isa = PBXBuildFile; fileRef = 2CC8FC4119520BFA00014013 /* XCTest.framework */; };
		2CC8FC4319520BFA00014013 /* Foundation.framework in Frameworks */ = {isa = PBXBuildFile; fileRef = 2CC8FC2819520BFA00014013 /* Foundation.framework */; };
		2CC8FC4419520BFA00014013 /* UIKit.framework in Frameworks */ = {isa = PBXBuildFile; fileRef = 2CC8FC2C19520BFA00014013 /* UIKit.framework */; };
		2CC8FC4C19520BFA00014013 /* InfoPlist.strings in Resources */ = {isa = PBXBuildFile; fileRef = 2CC8FC4A19520BFA00014013 /* InfoPlist.strings */; };
		2CC8FC4E19520BFA00014013 /* ByrdFeedTests.m in Sources */ = {isa = PBXBuildFile; fileRef = 2CC8FC4D19520BFA00014013 /* ByrdFeedTests.m */; };
		2CC8FC5D1957526500014013 /* TwitterClient.m in Sources */ = {isa = PBXBuildFile; fileRef = 2CC8FC5C1957526500014013 /* TwitterClient.m */; };
		2CC8FC67195752FE00014013 /* LoginViewController.m in Sources */ = {isa = PBXBuildFile; fileRef = 2CC8FC65195752FE00014013 /* LoginViewController.m */; };
		2CC8FC68195752FE00014013 /* LoginViewController.xib in Resources */ = {isa = PBXBuildFile; fileRef = 2CC8FC66195752FE00014013 /* LoginViewController.xib */; };
		2CC8FC6B1957543F00014013 /* User.m in Sources */ = {isa = PBXBuildFile; fileRef = 2CC8FC6A1957543F00014013 /* User.m */; };
		2CC8FC6E1957544C00014013 /* Tweet.m in Sources */ = {isa = PBXBuildFile; fileRef = 2CC8FC6D1957544C00014013 /* Tweet.m */; };
		2CC8FC7A195754AF00014013 /* TweetCell.m in Sources */ = {isa = PBXBuildFile; fileRef = 2CC8FC78195754AF00014013 /* TweetCell.m */; };
		2CC8FC7B195754AF00014013 /* TweetCell.xib in Resources */ = {isa = PBXBuildFile; fileRef = 2CC8FC79195754AF00014013 /* TweetCell.xib */; };
		2CC8FC7E195756A600014013 /* PersistencyManager.m in Sources */ = {isa = PBXBuildFile; fileRef = 2CC8FC7D195756A600014013 /* PersistencyManager.m */; };
		690650BABFD2429E94BDDA9F /* libPods-ByrdFeed.a in Frameworks */ = {isa = PBXBuildFile; fileRef = 42EA341FA0394373A1D5BA50 /* libPods-ByrdFeed.a */; };
/* End PBXBuildFile section */

/* Begin PBXContainerItemProxy section */
		2CC8FC4519520BFA00014013 /* PBXContainerItemProxy */ = {
			isa = PBXContainerItemProxy;
			containerPortal = 2CC8FC1D19520BFA00014013 /* Project object */;
			proxyType = 1;
			remoteGlobalIDString = 2CC8FC2419520BFA00014013;
			remoteInfo = ByrdFeed;
		};
/* End PBXContainerItemProxy section */

/* Begin PBXFileReference section */
		2C1CA85A1957A93100E9417E /* TimelineTableViewController.h */ = {isa = PBXFileReference; fileEncoding = 4; lastKnownFileType = sourcecode.c.h; path = TimelineTableViewController.h; sourceTree = "<group>"; };
		2C1CA85B1957A93100E9417E /* TimelineTableViewController.m */ = {isa = PBXFileReference; fileEncoding = 4; lastKnownFileType = sourcecode.c.objc; path = TimelineTableViewController.m; sourceTree = "<group>"; };
		2C1CA85C1957A93100E9417E /* TimelineTableViewController.xib */ = {isa = PBXFileReference; fileEncoding = 4; lastKnownFileType = file.xib; path = TimelineTableViewController.xib; sourceTree = "<group>"; };
		2C1CA8641957F58C00E9417E /* ComposeTweetViewController.h */ = {isa = PBXFileReference; fileEncoding = 4; lastKnownFileType = sourcecode.c.h; path = ComposeTweetViewController.h; sourceTree = "<group>"; };
		2C1CA8651957F58C00E9417E /* ComposeTweetViewController.m */ = {isa = PBXFileReference; fileEncoding = 4; lastKnownFileType = sourcecode.c.objc; path = ComposeTweetViewController.m; sourceTree = "<group>"; };
		2C1CA8661957F58C00E9417E /* ComposeTweetViewController.xib */ = {isa = PBXFileReference; fileEncoding = 4; lastKnownFileType = file.xib; path = ComposeTweetViewController.xib; sourceTree = "<group>"; };
		2C1CA8691957F5AD00E9417E /* TweetViewController.h */ = {isa = PBXFileReference; fileEncoding = 4; lastKnownFileType = sourcecode.c.h; path = TweetViewController.h; sourceTree = "<group>"; };
		2C1CA86A1957F5AD00E9417E /* TweetViewController.m */ = {isa = PBXFileReference; fileEncoding = 4; lastKnownFileType = sourcecode.c.objc; path = TweetViewController.m; sourceTree = "<group>"; };
		2C1CA86B1957F5AD00E9417E /* TweetViewController.xib */ = {isa = PBXFileReference; fileEncoding = 4; lastKnownFileType = file.xib; path = TweetViewController.xib; sourceTree = "<group>"; };
		2C1CA86E19580BF900E9417E /* Utils.h */ = {isa = PBXFileReference; fileEncoding = 4; lastKnownFileType = sourcecode.c.h; path = Utils.h; sourceTree = "<group>"; };
		2C1CA86F19580BF900E9417E /* Utils.m */ = {isa = PBXFileReference; fileEncoding = 4; lastKnownFileType = sourcecode.c.objc; path = Utils.m; sourceTree = "<group>"; };
		2CC8FC2519520BFA00014013 /* ByrdFeed.app */ = {isa = PBXFileReference; explicitFileType = wrapper.application; includeInIndex = 0; path = ByrdFeed.app; sourceTree = BUILT_PRODUCTS_DIR; };
		2CC8FC2819520BFA00014013 /* Foundation.framework */ = {isa = PBXFileReference; lastKnownFileType = wrapper.framework; name = Foundation.framework; path = System/Library/Frameworks/Foundation.framework; sourceTree = SDKROOT; };
		2CC8FC2A19520BFA00014013 /* CoreGraphics.framework */ = {isa = PBXFileReference; lastKnownFileType = wrapper.framework; name = CoreGraphics.framework; path = System/Library/Frameworks/CoreGraphics.framework; sourceTree = SDKROOT; };
		2CC8FC2C19520BFA00014013 /* UIKit.framework */ = {isa = PBXFileReference; lastKnownFileType = wrapper.framework; name = UIKit.framework; path = System/Library/Frameworks/UIKit.framework; sourceTree = SDKROOT; };
		2CC8FC3019520BFA00014013 /* ByrdFeed-Info.plist */ = {isa = PBXFileReference; lastKnownFileType = text.plist.xml; path = "ByrdFeed-Info.plist"; sourceTree = "<group>"; };
		2CC8FC3219520BFA00014013 /* en */ = {isa = PBXFileReference; lastKnownFileType = text.plist.strings; name = en; path = en.lproj/InfoPlist.strings; sourceTree = "<group>"; };
		2CC8FC3419520BFA00014013 /* main.m */ = {isa = PBXFileReference; lastKnownFileType = sourcecode.c.objc; path = main.m; sourceTree = "<group>"; };
		2CC8FC3619520BFA00014013 /* ByrdFeed-Prefix.pch */ = {isa = PBXFileReference; lastKnownFileType = sourcecode.c.h; path = "ByrdFeed-Prefix.pch"; sourceTree = "<group>"; };
		2CC8FC3719520BFA00014013 /* AppDelegate.h */ = {isa = PBXFileReference; lastKnownFileType = sourcecode.c.h; path = AppDelegate.h; sourceTree = "<group>"; };
		2CC8FC3819520BFA00014013 /* AppDelegate.m */ = {isa = PBXFileReference; lastKnownFileType = sourcecode.c.objc; path = AppDelegate.m; sourceTree = "<group>"; };
		2CC8FC3A19520BFA00014013 /* Images.xcassets */ = {isa = PBXFileReference; lastKnownFileType = folder.assetcatalog; path = Images.xcassets; sourceTree = "<group>"; };
		2CC8FC4019520BFA00014013 /* ByrdFeedTests.xctest */ = {isa = PBXFileReference; explicitFileType = wrapper.cfbundle; includeInIndex = 0; path = ByrdFeedTests.xctest; sourceTree = BUILT_PRODUCTS_DIR; };
		2CC8FC4119520BFA00014013 /* XCTest.framework */ = {isa = PBXFileReference; lastKnownFileType = wrapper.framework; name = XCTest.framework; path = Library/Frameworks/XCTest.framework; sourceTree = DEVELOPER_DIR; };
		2CC8FC4919520BFA00014013 /* ByrdFeedTests-Info.plist */ = {isa = PBXFileReference; lastKnownFileType = text.plist.xml; path = "ByrdFeedTests-Info.plist"; sourceTree = "<group>"; };
		2CC8FC4B19520BFA00014013 /* en */ = {isa = PBXFileReference; lastKnownFileType = text.plist.strings; name = en; path = en.lproj/InfoPlist.strings; sourceTree = "<group>"; };
		2CC8FC4D19520BFA00014013 /* ByrdFeedTests.m */ = {isa = PBXFileReference; lastKnownFileType = sourcecode.c.objc; path = ByrdFeedTests.m; sourceTree = "<group>"; };
		2CC8FC5B1957526500014013 /* TwitterClient.h */ = {isa = PBXFileReference; fileEncoding = 4; lastKnownFileType = sourcecode.c.h; path = TwitterClient.h; sourceTree = "<group>"; };
		2CC8FC5C1957526500014013 /* TwitterClient.m */ = {isa = PBXFileReference; fileEncoding = 4; lastKnownFileType = sourcecode.c.objc; path = TwitterClient.m; sourceTree = "<group>"; };
		2CC8FC64195752FE00014013 /* LoginViewController.h */ = {isa = PBXFileReference; fileEncoding = 4; lastKnownFileType = sourcecode.c.h; path = LoginViewController.h; sourceTree = "<group>"; };
		2CC8FC65195752FE00014013 /* LoginViewController.m */ = {isa = PBXFileReference; fileEncoding = 4; lastKnownFileType = sourcecode.c.objc; path = LoginViewController.m; sourceTree = "<group>"; };
		2CC8FC66195752FE00014013 /* LoginViewController.xib */ = {isa = PBXFileReference; fileEncoding = 4; lastKnownFileType = file.xib; path = LoginViewController.xib; sourceTree = "<group>"; };
		2CC8FC691957543F00014013 /* User.h */ = {isa = PBXFileReference; fileEncoding = 4; lastKnownFileType = sourcecode.c.h; path = User.h; sourceTree = "<group>"; };
		2CC8FC6A1957543F00014013 /* User.m */ = {isa = PBXFileReference; fileEncoding = 4; lastKnownFileType = sourcecode.c.objc; path = User.m; sourceTree = "<group>"; };
		2CC8FC6C1957544C00014013 /* Tweet.h */ = {isa = PBXFileReference; fileEncoding = 4; lastKnownFileType = sourcecode.c.h; path = Tweet.h; sourceTree = "<group>"; };
		2CC8FC6D1957544C00014013 /* Tweet.m */ = {isa = PBXFileReference; fileEncoding = 4; lastKnownFileType = sourcecode.c.objc; path = Tweet.m; sourceTree = "<group>"; };
		2CC8FC77195754AF00014013 /* TweetCell.h */ = {isa = PBXFileReference; fileEncoding = 4; lastKnownFileType = sourcecode.c.h; path = TweetCell.h; sourceTree = "<group>"; };
		2CC8FC78195754AF00014013 /* TweetCell.m */ = {isa = PBXFileReference; fileEncoding = 4; lastKnownFileType = sourcecode.c.objc; path = TweetCell.m; sourceTree = "<group>"; };
		2CC8FC79195754AF00014013 /* TweetCell.xib */ = {isa = PBXFileReference; fileEncoding = 4; lastKnownFileType = file.xib; path = TweetCell.xib; sourceTree = "<group>"; };
		2CC8FC7C195756A600014013 /* PersistencyManager.h */ = {isa = PBXFileReference; fileEncoding = 4; lastKnownFileType = sourcecode.c.h; path = PersistencyManager.h; sourceTree = "<group>"; };
		2CC8FC7D195756A600014013 /* PersistencyManager.m */ = {isa = PBXFileReference; fileEncoding = 4; lastKnownFileType = sourcecode.c.objc; path = PersistencyManager.m; sourceTree = "<group>"; };
		42EA341FA0394373A1D5BA50 /* libPods-ByrdFeed.a */ = {isa = PBXFileReference; explicitFileType = archive.ar; includeInIndex = 0; path = "libPods-ByrdFeed.a"; sourceTree = BUILT_PRODUCTS_DIR; };
		F482A80627D143EE867D3767 /* Pods-ByrdFeed.xcconfig */ = {isa = PBXFileReference; includeInIndex = 1; lastKnownFileType = text.xcconfig; name = "Pods-ByrdFeed.xcconfig"; path = "Pods/Pods-ByrdFeed.xcconfig"; sourceTree = "<group>"; };
/* End PBXFileReference section */

/* Begin PBXFrameworksBuildPhase section */
		2CC8FC2219520BFA00014013 /* Frameworks */ = {
			isa = PBXFrameworksBuildPhase;
			buildActionMask = 2147483647;
			files = (
				2CC8FC2B19520BFA00014013 /* CoreGraphics.framework in Frameworks */,
				2CC8FC2D19520BFA00014013 /* UIKit.framework in Frameworks */,
				2CC8FC2919520BFA00014013 /* Foundation.framework in Frameworks */,
				690650BABFD2429E94BDDA9F /* libPods-ByrdFeed.a in Frameworks */,
			);
			runOnlyForDeploymentPostprocessing = 0;
		};
		2CC8FC3D19520BFA00014013 /* Frameworks */ = {
			isa = PBXFrameworksBuildPhase;
			buildActionMask = 2147483647;
			files = (
				2CC8FC4219520BFA00014013 /* XCTest.framework in Frameworks */,
				2CC8FC4419520BFA00014013 /* UIKit.framework in Frameworks */,
				2CC8FC4319520BFA00014013 /* Foundation.framework in Frameworks */,
			);
			runOnlyForDeploymentPostprocessing = 0;
		};
/* End PBXFrameworksBuildPhase section */

/* Begin PBXGroup section */
		2C1CA87119580C0100E9417E /* Utilities */ = {
			isa = PBXGroup;
			children = (
				2C1CA86E19580BF900E9417E /* Utils.h */,
				2C1CA86F19580BF900E9417E /* Utils.m */,
			);
			name = Utilities;
			sourceTree = "<group>";
		};
		2CC8FC1C19520BFA00014013 = {
			isa = PBXGroup;
			children = (
				2CC8FC2E19520BFA00014013 /* ByrdFeed */,
				2CC8FC4719520BFA00014013 /* ByrdFeedTests */,
				2CC8FC2719520BFA00014013 /* Frameworks */,
				2CC8FC2619520BFA00014013 /* Products */,
				F482A80627D143EE867D3767 /* Pods-ByrdFeed.xcconfig */,
			);
			sourceTree = "<group>";
		};
		2CC8FC2619520BFA00014013 /* Products */ = {
			isa = PBXGroup;
			children = (
				2CC8FC2519520BFA00014013 /* ByrdFeed.app */,
				2CC8FC4019520BFA00014013 /* ByrdFeedTests.xctest */,
			);
			name = Products;
			sourceTree = "<group>";
		};
		2CC8FC2719520BFA00014013 /* Frameworks */ = {
			isa = PBXGroup;
			children = (
				2CC8FC2819520BFA00014013 /* Foundation.framework */,
				2CC8FC2A19520BFA00014013 /* CoreGraphics.framework */,
				2CC8FC2C19520BFA00014013 /* UIKit.framework */,
				2CC8FC4119520BFA00014013 /* XCTest.framework */,
				42EA341FA0394373A1D5BA50 /* libPods-ByrdFeed.a */,
			);
			name = Frameworks;
			sourceTree = "<group>";
		};
		2CC8FC2E19520BFA00014013 /* ByrdFeed */ = {
			isa = PBXGroup;
			children = (
				2C1CA87119580C0100E9417E /* Utilities */,
				2CC8FC5A1957523900014013 /* Models */,
				2CC8FC571957521800014013 /* Views */,
				2CC8FC591957522F00014013 /* Controllers */,
				2CC8FC581957521900014013 /* TwitterAPI */,
				2CC8FC3719520BFA00014013 /* AppDelegate.h */,
				2CC8FC3819520BFA00014013 /* AppDelegate.m */,
				2CC8FC3A19520BFA00014013 /* Images.xcassets */,
				2CC8FC2F19520BFA00014013 /* Supporting Files */,
			);
			path = ByrdFeed;
			sourceTree = "<group>";
		};
		2CC8FC2F19520BFA00014013 /* Supporting Files */ = {
			isa = PBXGroup;
			children = (
				2CC8FC3019520BFA00014013 /* ByrdFeed-Info.plist */,
				2CC8FC3119520BFA00014013 /* InfoPlist.strings */,
				2CC8FC3419520BFA00014013 /* main.m */,
				2CC8FC3619520BFA00014013 /* ByrdFeed-Prefix.pch */,
			);
			name = "Supporting Files";
			sourceTree = "<group>";
		};
		2CC8FC4719520BFA00014013 /* ByrdFeedTests */ = {
			isa = PBXGroup;
			children = (
				2CC8FC4D19520BFA00014013 /* ByrdFeedTests.m */,
				2CC8FC4819520BFA00014013 /* Supporting Files */,
			);
			path = ByrdFeedTests;
			sourceTree = "<group>";
		};
		2CC8FC4819520BFA00014013 /* Supporting Files */ = {
			isa = PBXGroup;
			children = (
				2CC8FC4919520BFA00014013 /* ByrdFeedTests-Info.plist */,
				2CC8FC4A19520BFA00014013 /* InfoPlist.strings */,
			);
			name = "Supporting Files";
			sourceTree = "<group>";
		};
		2CC8FC571957521800014013 /* Views */ = {
			isa = PBXGroup;
			children = (
				2CC8FC77195754AF00014013 /* TweetCell.h */,
				2CC8FC78195754AF00014013 /* TweetCell.m */,
				2CC8FC79195754AF00014013 /* TweetCell.xib */,
			);
			name = Views;
			sourceTree = "<group>";
		};
		2CC8FC581957521900014013 /* TwitterAPI */ = {
			isa = PBXGroup;
			children = (
				2CC8FC5B1957526500014013 /* TwitterClient.h */,
				2CC8FC5C1957526500014013 /* TwitterClient.m */,
				2CC8FC7C195756A600014013 /* PersistencyManager.h */,
				2CC8FC7D195756A600014013 /* PersistencyManager.m */,
			);
			name = TwitterAPI;
			sourceTree = "<group>";
		};
		2CC8FC591957522F00014013 /* Controllers */ = {
			isa = PBXGroup;
			children = (
				2CC8FC64195752FE00014013 /* LoginViewController.h */,
				2CC8FC65195752FE00014013 /* LoginViewController.m */,
				2CC8FC66195752FE00014013 /* LoginViewController.xib */,
				2C1CA85A1957A93100E9417E /* TimelineTableViewController.h */,
				2C1CA85B1957A93100E9417E /* TimelineTableViewController.m */,
				2C1CA85C1957A93100E9417E /* TimelineTableViewController.xib */,
				2C1CA8641957F58C00E9417E /* ComposeTweetViewController.h */,
				2C1CA8651957F58C00E9417E /* ComposeTweetViewController.m */,
				2C1CA8661957F58C00E9417E /* ComposeTweetViewController.xib */,
				2C1CA8691957F5AD00E9417E /* TweetViewController.h */,
				2C1CA86A1957F5AD00E9417E /* TweetViewController.m */,
				2C1CA86B1957F5AD00E9417E /* TweetViewController.xib */,
			);
			name = Controllers;
			sourceTree = "<group>";
		};
		2CC8FC5A1957523900014013 /* Models */ = {
			isa = PBXGroup;
			children = (
				2CC8FC691957543F00014013 /* User.h */,
				2CC8FC6A1957543F00014013 /* User.m */,
				2CC8FC6C1957544C00014013 /* Tweet.h */,
				2CC8FC6D1957544C00014013 /* Tweet.m */,
			);
			name = Models;
			sourceTree = "<group>";
		};
/* End PBXGroup section */

/* Begin PBXNativeTarget section */
		2CC8FC2419520BFA00014013 /* ByrdFeed */ = {
			isa = PBXNativeTarget;
			buildConfigurationList = 2CC8FC5119520BFA00014013 /* Build configuration list for PBXNativeTarget "ByrdFeed" */;
			buildPhases = (
				C461D609CCE041B8B9DF3E11 /* Check Pods Manifest.lock */,
				2CC8FC2119520BFA00014013 /* Sources */,
				2CC8FC2219520BFA00014013 /* Frameworks */,
				2CC8FC2319520BFA00014013 /* Resources */,
				A874B719B9F943D8AA0BBEA1 /* Copy Pods Resources */,
			);
			buildRules = (
			);
			dependencies = (
			);
			name = ByrdFeed;
			productName = ByrdFeed;
			productReference = 2CC8FC2519520BFA00014013 /* ByrdFeed.app */;
			productType = "com.apple.product-type.application";
		};
		2CC8FC3F19520BFA00014013 /* ByrdFeedTests */ = {
			isa = PBXNativeTarget;
			buildConfigurationList = 2CC8FC5419520BFA00014013 /* Build configuration list for PBXNativeTarget "ByrdFeedTests" */;
			buildPhases = (
				2CC8FC3C19520BFA00014013 /* Sources */,
				2CC8FC3D19520BFA00014013 /* Frameworks */,
				2CC8FC3E19520BFA00014013 /* Resources */,
			);
			buildRules = (
			);
			dependencies = (
				2CC8FC4619520BFA00014013 /* PBXTargetDependency */,
			);
			name = ByrdFeedTests;
			productName = ByrdFeedTests;
			productReference = 2CC8FC4019520BFA00014013 /* ByrdFeedTests.xctest */;
			productType = "com.apple.product-type.bundle.unit-test";
		};
/* End PBXNativeTarget section */

/* Begin PBXProject section */
		2CC8FC1D19520BFA00014013 /* Project object */ = {
			isa = PBXProject;
			attributes = {
				LastUpgradeCheck = 0510;
				ORGANIZATIONNAME = "NinjaSudo Inc";
				TargetAttributes = {
					2CC8FC3F19520BFA00014013 = {
						TestTargetID = 2CC8FC2419520BFA00014013;
					};
				};
			};
			buildConfigurationList = 2CC8FC2019520BFA00014013 /* Build configuration list for PBXProject "ByrdFeed" */;
			compatibilityVersion = "Xcode 3.2";
			developmentRegion = English;
			hasScannedForEncodings = 0;
			knownRegions = (
				en,
			);
			mainGroup = 2CC8FC1C19520BFA00014013;
			productRefGroup = 2CC8FC2619520BFA00014013 /* Products */;
			projectDirPath = "";
			projectRoot = "";
			targets = (
				2CC8FC2419520BFA00014013 /* ByrdFeed */,
				2CC8FC3F19520BFA00014013 /* ByrdFeedTests */,
			);
		};
/* End PBXProject section */

/* Begin PBXResourcesBuildPhase section */
		2CC8FC2319520BFA00014013 /* Resources */ = {
			isa = PBXResourcesBuildPhase;
			buildActionMask = 2147483647;
			files = (
				2CC8FC3319520BFA00014013 /* InfoPlist.strings in Resources */,
				2C1CA86D1957F5AD00E9417E /* TweetViewController.xib in Resources */,
				2CC8FC3B19520BFA00014013 /* Images.xcassets in Resources */,
				2C1CA85E1957A93100E9417E /* TimelineTableViewController.xib in Resources */,
				2C1CA8681957F58C00E9417E /* ComposeTweetViewController.xib in Resources */,
				2CC8FC68195752FE00014013 /* LoginViewController.xib in Resources */,
				2CC8FC7B195754AF00014013 /* TweetCell.xib in Resources */,
			);
			runOnlyForDeploymentPostprocessing = 0;
		};
		2CC8FC3E19520BFA00014013 /* Resources */ = {
			isa = PBXResourcesBuildPhase;
			buildActionMask = 2147483647;
			files = (
				2CC8FC4C19520BFA00014013 /* InfoPlist.strings in Resources */,
			);
			runOnlyForDeploymentPostprocessing = 0;
		};
/* End PBXResourcesBuildPhase section */

/* Begin PBXShellScriptBuildPhase section */
		A874B719B9F943D8AA0BBEA1 /* Copy Pods Resources */ = {
			isa = PBXShellScriptBuildPhase;
			buildActionMask = 2147483647;
			files = (
			);
			inputPaths = (
			);
			name = "Copy Pods Resources";
			outputPaths = (
			);
			runOnlyForDeploymentPostprocessing = 0;
			shellPath = /bin/sh;
			shellScript = "\"${SRCROOT}/Pods/Pods-ByrdFeed-resources.sh\"\n";
			showEnvVarsInLog = 0;
		};
		C461D609CCE041B8B9DF3E11 /* Check Pods Manifest.lock */ = {
			isa = PBXShellScriptBuildPhase;
			buildActionMask = 2147483647;
			files = (
			);
			inputPaths = (
			);
			name = "Check Pods Manifest.lock";
			outputPaths = (
			);
			runOnlyForDeploymentPostprocessing = 0;
			shellPath = /bin/sh;
			shellScript = "diff \"${PODS_ROOT}/../Podfile.lock\" \"${PODS_ROOT}/Manifest.lock\" > /dev/null\nif [[ $? != 0 ]] ; then\n    cat << EOM\nerror: The sandbox is not in sync with the Podfile.lock. Run 'pod install' or update your CocoaPods installation.\nEOM\n    exit 1\nfi\n";
			showEnvVarsInLog = 0;
		};
/* End PBXShellScriptBuildPhase section */

/* Begin PBXSourcesBuildPhase section */
		2CC8FC2119520BFA00014013 /* Sources */ = {
			isa = PBXSourcesBuildPhase;
			buildActionMask = 2147483647;
			files = (
				2C1CA86C1957F5AD00E9417E /* TweetViewController.m in Sources */,
				2CC8FC7A195754AF00014013 /* TweetCell.m in Sources */,
				2CC8FC3919520BFA00014013 /* AppDelegate.m in Sources */,
				2C1CA87019580BF900E9417E /* Utils.m in Sources */,
				2CC8FC6B1957543F00014013 /* User.m in Sources */,
				2CC8FC6E1957544C00014013 /* Tweet.m in Sources */,
				2C1CA85D1957A93100E9417E /* TimelineTableViewController.m in Sources */,
				2CC8FC5D1957526500014013 /* TwitterClient.m in Sources */,
				2CC8FC3519520BFA00014013 /* main.m in Sources */,
				2C1CA8671957F58C00E9417E /* ComposeTweetViewController.m in Sources */,
				2CC8FC67195752FE00014013 /* LoginViewController.m in Sources */,
				2CC8FC7E195756A600014013 /* PersistencyManager.m in Sources */,
			);
			runOnlyForDeploymentPostprocessing = 0;
		};
		2CC8FC3C19520BFA00014013 /* Sources */ = {
			isa = PBXSourcesBuildPhase;
			buildActionMask = 2147483647;
			files = (
				2CC8FC4E19520BFA00014013 /* ByrdFeedTests.m in Sources */,
			);
			runOnlyForDeploymentPostprocessing = 0;
		};
/* End PBXSourcesBuildPhase section */

/* Begin PBXTargetDependency section */
		2CC8FC4619520BFA00014013 /* PBXTargetDependency */ = {
			isa = PBXTargetDependency;
			target = 2CC8FC2419520BFA00014013 /* ByrdFeed */;
			targetProxy = 2CC8FC4519520BFA00014013 /* PBXContainerItemProxy */;
		};
/* End PBXTargetDependency section */

/* Begin PBXVariantGroup section */
		2CC8FC3119520BFA00014013 /* InfoPlist.strings */ = {
			isa = PBXVariantGroup;
			children = (
				2CC8FC3219520BFA00014013 /* en */,
			);
			name = InfoPlist.strings;
			sourceTree = "<group>";
		};
		2CC8FC4A19520BFA00014013 /* InfoPlist.strings */ = {
			isa = PBXVariantGroup;
			children = (
				2CC8FC4B19520BFA00014013 /* en */,
			);
			name = InfoPlist.strings;
			sourceTree = "<group>";
		};
/* End PBXVariantGroup section */

/* Begin XCBuildConfiguration section */
		2CC8FC4F19520BFA00014013 /* Debug */ = {
			isa = XCBuildConfiguration;
			buildSettings = {
				ALWAYS_SEARCH_USER_PATHS = NO;
				CLANG_CXX_LANGUAGE_STANDARD = "gnu++0x";
				CLANG_CXX_LIBRARY = "libc++";
				CLANG_ENABLE_MODULES = YES;
				CLANG_ENABLE_OBJC_ARC = YES;
				CLANG_WARN_BOOL_CONVERSION = YES;
				CLANG_WARN_CONSTANT_CONVERSION = YES;
				CLANG_WARN_DIRECT_OBJC_ISA_USAGE = YES_ERROR;
				CLANG_WARN_EMPTY_BODY = YES;
				CLANG_WARN_ENUM_CONVERSION = YES;
				CLANG_WARN_INT_CONVERSION = YES;
				CLANG_WARN_OBJC_ROOT_CLASS = YES_ERROR;
				CLANG_WARN__DUPLICATE_METHOD_MATCH = YES;
				"CODE_SIGN_IDENTITY[sdk=iphoneos*]" = "iPhone Developer";
				COPY_PHASE_STRIP = NO;
				GCC_C_LANGUAGE_STANDARD = gnu99;
				GCC_DYNAMIC_NO_PIC = NO;
				GCC_OPTIMIZATION_LEVEL = 0;
				GCC_PREPROCESSOR_DEFINITIONS = (
					"DEBUG=1",
					"$(inherited)",
				);
				GCC_SYMBOLS_PRIVATE_EXTERN = NO;
				GCC_WARN_64_TO_32_BIT_CONVERSION = YES;
				GCC_WARN_ABOUT_RETURN_TYPE = YES_ERROR;
				GCC_WARN_UNDECLARED_SELECTOR = YES;
				GCC_WARN_UNINITIALIZED_AUTOS = YES_AGGRESSIVE;
				GCC_WARN_UNUSED_FUNCTION = YES;
				GCC_WARN_UNUSED_VARIABLE = YES;
				IPHONEOS_DEPLOYMENT_TARGET = 7.1;
				ONLY_ACTIVE_ARCH = YES;
				SDKROOT = iphoneos;
				TARGETED_DEVICE_FAMILY = "1,2";
			};
			name = Debug;
		};
		2CC8FC5019520BFA00014013 /* Release */ = {
			isa = XCBuildConfiguration;
			buildSettings = {
				ALWAYS_SEARCH_USER_PATHS = NO;
				CLANG_CXX_LANGUAGE_STANDARD = "gnu++0x";
				CLANG_CXX_LIBRARY = "libc++";
				CLANG_ENABLE_MODULES = YES;
				CLANG_ENABLE_OBJC_ARC = YES;
				CLANG_WARN_BOOL_CONVERSION = YES;
				CLANG_WARN_CONSTANT_CONVERSION = YES;
				CLANG_WARN_DIRECT_OBJC_ISA_USAGE = YES_ERROR;
				CLANG_WARN_EMPTY_BODY = YES;
				CLANG_WARN_ENUM_CONVERSION = YES;
				CLANG_WARN_INT_CONVERSION = YES;
				CLANG_WARN_OBJC_ROOT_CLASS = YES_ERROR;
				CLANG_WARN__DUPLICATE_METHOD_MATCH = YES;
				"CODE_SIGN_IDENTITY[sdk=iphoneos*]" = "iPhone Developer";
				COPY_PHASE_STRIP = YES;
				ENABLE_NS_ASSERTIONS = NO;
				GCC_C_LANGUAGE_STANDARD = gnu99;
				GCC_WARN_64_TO_32_BIT_CONVERSION = YES;
				GCC_WARN_ABOUT_RETURN_TYPE = YES_ERROR;
				GCC_WARN_UNDECLARED_SELECTOR = YES;
				GCC_WARN_UNINITIALIZED_AUTOS = YES_AGGRESSIVE;
				GCC_WARN_UNUSED_FUNCTION = YES;
				GCC_WARN_UNUSED_VARIABLE = YES;
				IPHONEOS_DEPLOYMENT_TARGET = 7.1;
				SDKROOT = iphoneos;
				TARGETED_DEVICE_FAMILY = "1,2";
				VALIDATE_PRODUCT = YES;
			};
			name = Release;
		};
		2CC8FC5219520BFA00014013 /* Debug */ = {
			isa = XCBuildConfiguration;
			baseConfigurationReference = F482A80627D143EE867D3767 /* Pods-ByrdFeed.xcconfig */;
			buildSettings = {
				ASSETCATALOG_COMPILER_APPICON_NAME = AppIcon;
				ASSETCATALOG_COMPILER_LAUNCHIMAGE_NAME = LaunchImage;
				GCC_PRECOMPILE_PREFIX_HEADER = YES;
				GCC_PREFIX_HEADER = "ByrdFeed/ByrdFeed-Prefix.pch";
				INFOPLIST_FILE = "ByrdFeed/ByrdFeed-Info.plist";
				PRODUCT_NAME = "$(TARGET_NAME)";
				WRAPPER_EXTENSION = app;
			};
			name = Debug;
		};
		2CC8FC5319520BFA00014013 /* Release */ = {
			isa = XCBuildConfiguration;
			baseConfigurationReference = F482A80627D143EE867D3767 /* Pods-ByrdFeed.xcconfig */;
			buildSettings = {
				ASSETCATALOG_COMPILER_APPICON_NAME = AppIcon;
				ASSETCATALOG_COMPILER_LAUNCHIMAGE_NAME = LaunchImage;
				GCC_PRECOMPILE_PREFIX_HEADER = YES;
				GCC_PREFIX_HEADER = "ByrdFeed/ByrdFeed-Prefix.pch";
				INFOPLIST_FILE = "ByrdFeed/ByrdFeed-Info.plist";
				PRODUCT_NAME = "$(TARGET_NAME)";
				WRAPPER_EXTENSION = app;
			};
			name = Release;
		};
		2CC8FC5519520BFA00014013 /* Debug */ = {
			isa = XCBuildConfiguration;
			buildSettings = {
				BUNDLE_LOADER = "$(BUILT_PRODUCTS_DIR)/ByrdFeed.app/ByrdFeed";
				FRAMEWORK_SEARCH_PATHS = (
					"$(SDKROOT)/Developer/Library/Frameworks",
					"$(inherited)",
					"$(DEVELOPER_FRAMEWORKS_DIR)",
				);
				GCC_PRECOMPILE_PREFIX_HEADER = YES;
				GCC_PREFIX_HEADER = "ByrdFeed/ByrdFeed-Prefix.pch";
				GCC_PREPROCESSOR_DEFINITIONS = (
					"DEBUG=1",
					"$(inherited)",
				);
				INFOPLIST_FILE = "ByrdFeedTests/ByrdFeedTests-Info.plist";
				PRODUCT_NAME = "$(TARGET_NAME)";
				TEST_HOST = "$(BUNDLE_LOADER)";
				WRAPPER_EXTENSION = xctest;
			};
			name = Debug;
		};
		2CC8FC5619520BFA00014013 /* Release */ = {
			isa = XCBuildConfiguration;
			buildSettings = {
				BUNDLE_LOADER = "$(BUILT_PRODUCTS_DIR)/ByrdFeed.app/ByrdFeed";
				FRAMEWORK_SEARCH_PATHS = (
					"$(SDKROOT)/Developer/Library/Frameworks",
					"$(inherited)",
					"$(DEVELOPER_FRAMEWORKS_DIR)",
				);
				GCC_PRECOMPILE_PREFIX_HEADER = YES;
				GCC_PREFIX_HEADER = "ByrdFeed/ByrdFeed-Prefix.pch";
				INFOPLIST_FILE = "ByrdFeedTests/ByrdFeedTests-Info.plist";
				PRODUCT_NAME = "$(TARGET_NAME)";
				TEST_HOST = "$(BUNDLE_LOADER)";
				WRAPPER_EXTENSION = xctest;
			};
			name = Release;
		};
/* End XCBuildConfiguration section */

/* Begin XCConfigurationList section */
		2CC8FC2019520BFA00014013 /* Build configuration list for PBXProject "ByrdFeed" */ = {
			isa = XCConfigurationList;
			buildConfigurations = (
				2CC8FC4F19520BFA00014013 /* Debug */,
				2CC8FC5019520BFA00014013 /* Release */,
			);
			defaultConfigurationIsVisible = 0;
			defaultConfigurationName = Release;
		};
		2CC8FC5119520BFA00014013 /* Build configuration list for PBXNativeTarget "ByrdFeed" */ = {
			isa = XCConfigurationList;
			buildConfigurations = (
				2CC8FC5219520BFA00014013 /* Debug */,
				2CC8FC5319520BFA00014013 /* Release */,
			);
			defaultConfigurationIsVisible = 0;
			defaultConfigurationName = Release;
		};
		2CC8FC5419520BFA00014013 /* Build configuration list for PBXNativeTarget "ByrdFeedTests" */ = {
			isa = XCConfigurationList;
			buildConfigurations = (
				2CC8FC5519520BFA00014013 /* Debug */,
				2CC8FC5619520BFA00014013 /* Release */,
			);
			defaultConfigurationIsVisible = 0;
			defaultConfigurationName = Release;
		};
/* End XCConfigurationList section */
	};
	rootObject = 2CC8FC1D19520BFA00014013 /* Project object */;
}
